
Microsoft Visual Studio Solution File, Format Version 12.00
Project("{FAE04EC0-301F-11D3-BF4B-00C04F79EFBC}") = "FluentFilter", "src\FluentFilter\FluentFilter.csproj", "{67ADAF37-F6CC-43C1-80EA-64BFB1444BA8}"
EndProject
Project("{2150E333-8FDC-42A3-9474-1A3956D46DE8}") = "examples", "examples", "{355B7F9F-82C6-4F74-9280-0D5140E4F698}"
EndProject
Project("{2150E333-8FDC-42A3-9474-1A3956D46DE8}") = "tests", "tests", "{4C7CDB35-3C77-4A9E-9602-E6E15B672D72}"
EndProject
Global
	GlobalSection(SolutionConfigurationPlatforms) = preSolution
		Debug|Any CPU = Debug|Any CPU
		Release|Any CPU = Release|Any CPU
	EndGlobalSection
	GlobalSection(ProjectConfigurationPlatforms) = postSolution
		{67ADAF37-F6CC-43C1-80EA-64BFB1444BA8}.Debug|Any CPU.ActiveCfg = Debug|Any CPU
		{67ADAF37-F6CC-43C1-80EA-64BFB1444BA8}.Debug|Any CPU.Build.0 = Debug|Any CPU
		{67ADAF37-F6CC-43C1-80EA-64BFB1444BA8}.Release|Any CPU.ActiveCfg = Release|Any CPU
		{67ADAF37-F6CC-43C1-80EA-64BFB1444BA8}.Release|Any CPU.Build.0 = Release|Any CPU
	EndGlobalSection
EndGlobal
